// !$*UTF8*$!
{
	archiveVersion = 1;
	classes = {
	};
	objectVersion = 56;
	objects = {

/* Begin PBXBuildFile section */
		1A1FA5DE2A9922D300B268C7 /* businessContactsApp.swift in Sources */ = {isa = PBXBuildFile; fileRef = 1A1FA5DD2A9922D300B268C7 /* businessContactsApp.swift */; };
		1A1FA5E02A9922D300B268C7 /* ContentView.swift in Sources */ = {isa = PBXBuildFile; fileRef = 1A1FA5DF2A9922D300B268C7 /* ContentView.swift */; };
		1A1FA5E22A9922D400B268C7 /* Assets.xcassets in Resources */ = {isa = PBXBuildFile; fileRef = 1A1FA5E12A9922D400B268C7 /* Assets.xcassets */; };
		1A1FA5E52A9922D400B268C7 /* Preview Assets.xcassets in Resources */ = {isa = PBXBuildFile; fileRef = 1A1FA5E42A9922D400B268C7 /* Preview Assets.xcassets */; };
		1A1FA5F02A9922D500B268C7 /* businessContactsTests.swift in Sources */ = {isa = PBXBuildFile; fileRef = 1A1FA5EF2A9922D500B268C7 /* businessContactsTests.swift */; };
		1A1FA5FA2A9922D500B268C7 /* businessContactsUITests.swift in Sources */ = {isa = PBXBuildFile; fileRef = 1A1FA5F92A9922D500B268C7 /* businessContactsUITests.swift */; };
		1A1FA5FC2A9922D500B268C7 /* businessContactsUITestsLaunchTests.swift in Sources */ = {isa = PBXBuildFile; fileRef = 1A1FA5FB2A9922D500B268C7 /* businessContactsUITestsLaunchTests.swift */; };
		1A1FA6092A99244A00B268C7 /* ContactView.swift in Sources */ = {isa = PBXBuildFile; fileRef = 1A1FA6082A99244A00B268C7 /* ContactView.swift */; };
		1A1FA60B2A9A4D2300B268C7 /* ContactModels.swift in Sources */ = {isa = PBXBuildFile; fileRef = 1A1FA60A2A9A4D2300B268C7 /* ContactModels.swift */; };
		1A1FA60F2A9AA2EE00B268C7 /* AddNewContact.swift in Sources */ = {isa = PBXBuildFile; fileRef = 1A1FA60E2A9AA2ED00B268C7 /* AddNewContact.swift */; };
		1A23BFE22B1D453F00F60FC4 /* UpdateContactView.swift in Sources */ = {isa = PBXBuildFile; fileRef = 1A23BFE12B1D453F00F60FC4 /* UpdateContactView.swift */; };
/* End PBXBuildFile section */

/* Begin PBXContainerItemProxy section */
		1A1FA5EC2A9922D500B268C7 /* PBXContainerItemProxy */ = {
			isa = PBXContainerItemProxy;
			containerPortal = 1A1FA5D22A9922D300B268C7 /* Project object */;
			proxyType = 1;
			remoteGlobalIDString = 1A1FA5D92A9922D300B268C7;
			remoteInfo = businessContacts;
		};
		1A1FA5F62A9922D500B268C7 /* PBXContainerItemProxy */ = {
			isa = PBXContainerItemProxy;
			containerPortal = 1A1FA5D22A9922D300B268C7 /* Project object */;
			proxyType = 1;
			remoteGlobalIDString = 1A1FA5D92A9922D300B268C7;
			remoteInfo = businessContacts;
		};
/* End PBXContainerItemProxy section */

/* Begin PBXFileReference section */
		1A1FA5DA2A9922D300B268C7 /* businessContacts.app */ = {isa = PBXFileReference; explicitFileType = wrapper.application; includeInIndex = 0; path = businessContacts.app; sourceTree = BUILT_PRODUCTS_DIR; };
		1A1FA5DD2A9922D300B268C7 /* businessContactsApp.swift */ = {isa = PBXFileReference; lastKnownFileType = sourcecode.swift; path = businessContactsApp.swift; sourceTree = "<group>"; };
		1A1FA5DF2A9922D300B268C7 /* ContentView.swift */ = {isa = PBXFileReference; lastKnownFileType = sourcecode.swift; path = ContentView.swift; sourceTree = "<group>"; xcLanguageSpecificationIdentifier = xcode.lang.swift; };
		1A1FA5E12A9922D400B268C7 /* Assets.xcassets */ = {isa = PBXFileReference; lastKnownFileType = folder.assetcatalog; path = Assets.xcassets; sourceTree = "<group>"; };
		1A1FA5E42A9922D400B268C7 /* Preview Assets.xcassets */ = {isa = PBXFileReference; lastKnownFileType = folder.assetcatalog; path = "Preview Assets.xcassets"; sourceTree = "<group>"; };
		1A1FA5E62A9922D400B268C7 /* businessContacts.entitlements */ = {isa = PBXFileReference; lastKnownFileType = text.plist.entitlements; path = businessContacts.entitlements; sourceTree = "<group>"; };
		1A1FA5EB2A9922D500B268C7 /* businessContactsTests.xctest */ = {isa = PBXFileReference; explicitFileType = wrapper.cfbundle; includeInIndex = 0; path = businessContactsTests.xctest; sourceTree = BUILT_PRODUCTS_DIR; };
		1A1FA5EF2A9922D500B268C7 /* businessContactsTests.swift */ = {isa = PBXFileReference; lastKnownFileType = sourcecode.swift; path = businessContactsTests.swift; sourceTree = "<group>"; };
		1A1FA5F52A9922D500B268C7 /* businessContactsUITests.xctest */ = {isa = PBXFileReference; explicitFileType = wrapper.cfbundle; includeInIndex = 0; path = businessContactsUITests.xctest; sourceTree = BUILT_PRODUCTS_DIR; };
		1A1FA5F92A9922D500B268C7 /* businessContactsUITests.swift */ = {isa = PBXFileReference; lastKnownFileType = sourcecode.swift; path = businessContactsUITests.swift; sourceTree = "<group>"; };
		1A1FA5FB2A9922D500B268C7 /* businessContactsUITestsLaunchTests.swift */ = {isa = PBXFileReference; lastKnownFileType = sourcecode.swift; path = businessContactsUITestsLaunchTests.swift; sourceTree = "<group>"; };
		1A1FA6082A99244A00B268C7 /* ContactView.swift */ = {isa = PBXFileReference; lastKnownFileType = sourcecode.swift; path = ContactView.swift; sourceTree = "<group>"; };
		1A1FA60A2A9A4D2300B268C7 /* ContactModels.swift */ = {isa = PBXFileReference; lastKnownFileType = sourcecode.swift; path = ContactModels.swift; sourceTree = "<group>"; };
		1A1FA60E2A9AA2ED00B268C7 /* AddNewContact.swift */ = {isa = PBXFileReference; lastKnownFileType = sourcecode.swift; path = AddNewContact.swift; sourceTree = "<group>"; };
		1A23BFE12B1D453F00F60FC4 /* UpdateContactView.swift */ = {isa = PBXFileReference; lastKnownFileType = sourcecode.swift; path = UpdateContactView.swift; sourceTree = "<group>"; };
		1AF4EFB62B1929D200027548 /* Info.plist */ = {isa = PBXFileReference; lastKnownFileType = text.plist; path = Info.plist; sourceTree = "<group>"; };
/* End PBXFileReference section */

/* Begin PBXFrameworksBuildPhase section */
		1A1FA5D72A9922D300B268C7 /* Frameworks */ = {
			isa = PBXFrameworksBuildPhase;
			buildActionMask = 2147483647;
			files = (
			);
			runOnlyForDeploymentPostprocessing = 0;
		};
		1A1FA5E82A9922D500B268C7 /* Frameworks */ = {
			isa = PBXFrameworksBuildPhase;
			buildActionMask = 2147483647;
			files = (
			);
			runOnlyForDeploymentPostprocessing = 0;
		};
		1A1FA5F22A9922D500B268C7 /* Frameworks */ = {
			isa = PBXFrameworksBuildPhase;
			buildActionMask = 2147483647;
			files = (
			);
			runOnlyForDeploymentPostprocessing = 0;
		};
/* End PBXFrameworksBuildPhase section */

/* Begin PBXGroup section */
		1A1FA5D12A9922D300B268C7 = {
			isa = PBXGroup;
			children = (
				1A1FA5DC2A9922D300B268C7 /* businessContacts */,
				1A1FA5EE2A9922D500B268C7 /* businessContactsTests */,
				1A1FA5F82A9922D500B268C7 /* businessContactsUITests */,
				1A1FA5DB2A9922D300B268C7 /* Products */,
			);
			sourceTree = "<group>";
		};
		1A1FA5DB2A9922D300B268C7 /* Products */ = {
			isa = PBXGroup;
			children = (
				1A1FA5DA2A9922D300B268C7 /* businessContacts.app */,
				1A1FA5EB2A9922D500B268C7 /* businessContactsTests.xctest */,
				1A1FA5F52A9922D500B268C7 /* businessContactsUITests.xctest */,
			);
			name = Products;
			sourceTree = "<group>";
		};
		1A1FA5DC2A9922D300B268C7 /* businessContacts */ = {
			isa = PBXGroup;
			children = (
				1AF4EFB62B1929D200027548 /* Info.plist */,
				1A1FA5DD2A9922D300B268C7 /* businessContactsApp.swift */,
				1A1FA5DF2A9922D300B268C7 /* ContentView.swift */,
				1A1FA6082A99244A00B268C7 /* ContactView.swift */,
				1A1FA60A2A9A4D2300B268C7 /* ContactModels.swift */,
				1A1FA60E2A9AA2ED00B268C7 /* AddNewContact.swift */,
				1A23BFE12B1D453F00F60FC4 /* UpdateContactView.swift */,
				1A1FA5E12A9922D400B268C7 /* Assets.xcassets */,
				1A1FA5E62A9922D400B268C7 /* businessContacts.entitlements */,
				1A1FA5E32A9922D400B268C7 /* Preview Content */,
			);
			path = businessContacts;
			sourceTree = "<group>";
		};
		1A1FA5E32A9922D400B268C7 /* Preview Content */ = {
			isa = PBXGroup;
			children = (
				1A1FA5E42A9922D400B268C7 /* Preview Assets.xcassets */,
			);
			path = "Preview Content";
			sourceTree = "<group>";
		};
		1A1FA5EE2A9922D500B268C7 /* businessContactsTests */ = {
			isa = PBXGroup;
			children = (
				1A1FA5EF2A9922D500B268C7 /* businessContactsTests.swift */,
			);
			path = businessContactsTests;
			sourceTree = "<group>";
		};
		1A1FA5F82A9922D500B268C7 /* businessContactsUITests */ = {
			isa = PBXGroup;
			children = (
				1A1FA5F92A9922D500B268C7 /* businessContactsUITests.swift */,
				1A1FA5FB2A9922D500B268C7 /* businessContactsUITestsLaunchTests.swift */,
			);
			path = businessContactsUITests;
			sourceTree = "<group>";
		};
/* End PBXGroup section */

/* Begin PBXNativeTarget section */
		1A1FA5D92A9922D300B268C7 /* businessContacts */ = {
			isa = PBXNativeTarget;
			buildConfigurationList = 1A1FA5FF2A9922D500B268C7 /* Build configuration list for PBXNativeTarget "businessContacts" */;
			buildPhases = (
				1A1FA5D62A9922D300B268C7 /* Sources */,
				1A1FA5D72A9922D300B268C7 /* Frameworks */,
				1A1FA5D82A9922D300B268C7 /* Resources */,
			);
			buildRules = (
			);
			dependencies = (
			);
			name = businessContacts;
			productName = businessContacts;
			productReference = 1A1FA5DA2A9922D300B268C7 /* businessContacts.app */;
			productType = "com.apple.product-type.application";
		};
		1A1FA5EA2A9922D500B268C7 /* businessContactsTests */ = {
			isa = PBXNativeTarget;
			buildConfigurationList = 1A1FA6022A9922D500B268C7 /* Build configuration list for PBXNativeTarget "businessContactsTests" */;
			buildPhases = (
				1A1FA5E72A9922D500B268C7 /* Sources */,
				1A1FA5E82A9922D500B268C7 /* Frameworks */,
				1A1FA5E92A9922D500B268C7 /* Resources */,
			);
			buildRules = (
			);
			dependencies = (
				1A1FA5ED2A9922D500B268C7 /* PBXTargetDependency */,
			);
			name = businessContactsTests;
			productName = businessContactsTests;
			productReference = 1A1FA5EB2A9922D500B268C7 /* businessContactsTests.xctest */;
			productType = "com.apple.product-type.bundle.unit-test";
		};
		1A1FA5F42A9922D500B268C7 /* businessContactsUITests */ = {
			isa = PBXNativeTarget;
			buildConfigurationList = 1A1FA6052A9922D500B268C7 /* Build configuration list for PBXNativeTarget "businessContactsUITests" */;
			buildPhases = (
				1A1FA5F12A9922D500B268C7 /* Sources */,
				1A1FA5F22A9922D500B268C7 /* Frameworks */,
				1A1FA5F32A9922D500B268C7 /* Resources */,
			);
			buildRules = (
			);
			dependencies = (
				1A1FA5F72A9922D500B268C7 /* PBXTargetDependency */,
			);
			name = businessContactsUITests;
			productName = businessContactsUITests;
			productReference = 1A1FA5F52A9922D500B268C7 /* businessContactsUITests.xctest */;
			productType = "com.apple.product-type.bundle.ui-testing";
		};
/* End PBXNativeTarget section */

/* Begin PBXProject section */
		1A1FA5D22A9922D300B268C7 /* Project object */ = {
			isa = PBXProject;
			attributes = {
				BuildIndependentTargetsInParallel = 1;
				LastSwiftUpdateCheck = 1430;
				LastUpgradeCheck = 1500;
				TargetAttributes = {
					1A1FA5D92A9922D300B268C7 = {
						CreatedOnToolsVersion = 14.3;
					};
					1A1FA5EA2A9922D500B268C7 = {
						CreatedOnToolsVersion = 14.3;
						TestTargetID = 1A1FA5D92A9922D300B268C7;
					};
					1A1FA5F42A9922D500B268C7 = {
						CreatedOnToolsVersion = 14.3;
						TestTargetID = 1A1FA5D92A9922D300B268C7;
					};
				};
			};
			buildConfigurationList = 1A1FA5D52A9922D300B268C7 /* Build configuration list for PBXProject "businessContacts" */;
			compatibilityVersion = "Xcode 14.0";
			developmentRegion = en;
			hasScannedForEncodings = 0;
			knownRegions = (
				en,
				Base,
			);
			mainGroup = 1A1FA5D12A9922D300B268C7;
			productRefGroup = 1A1FA5DB2A9922D300B268C7 /* Products */;
			projectDirPath = "";
			projectRoot = "";
			targets = (
				1A1FA5D92A9922D300B268C7 /* businessContacts */,
				1A1FA5EA2A9922D500B268C7 /* businessContactsTests */,
				1A1FA5F42A9922D500B268C7 /* businessContactsUITests */,
			);
		};
/* End PBXProject section */

/* Begin PBXResourcesBuildPhase section */
		1A1FA5D82A9922D300B268C7 /* Resources */ = {
			isa = PBXResourcesBuildPhase;
			buildActionMask = 2147483647;
			files = (
				1A1FA5E52A9922D400B268C7 /* Preview Assets.xcassets in Resources */,
				1A1FA5E22A9922D400B268C7 /* Assets.xcassets in Resources */,
			);
			runOnlyForDeploymentPostprocessing = 0;
		};
		1A1FA5E92A9922D500B268C7 /* Resources */ = {
			isa = PBXResourcesBuildPhase;
			buildActionMask = 2147483647;
			files = (
			);
			runOnlyForDeploymentPostprocessing = 0;
		};
		1A1FA5F32A9922D500B268C7 /* Resources */ = {
			isa = PBXResourcesBuildPhase;
			buildActionMask = 2147483647;
			files = (
			);
			runOnlyForDeploymentPostprocessing = 0;
		};
/* End PBXResourcesBuildPhase section */

/* Begin PBXSourcesBuildPhase section */
		1A1FA5D62A9922D300B268C7 /* Sources */ = {
			isa = PBXSourcesBuildPhase;
			buildActionMask = 2147483647;
			files = (
				1A1FA5E02A9922D300B268C7 /* ContentView.swift in Sources */,
				1A1FA6092A99244A00B268C7 /* ContactView.swift in Sources */,
				1A1FA60B2A9A4D2300B268C7 /* ContactModels.swift in Sources */,
				1A1FA5DE2A9922D300B268C7 /* businessContactsApp.swift in Sources */,
				1A23BFE22B1D453F00F60FC4 /* UpdateContactView.swift in Sources */,
				1A1FA60F2A9AA2EE00B268C7 /* AddNewContact.swift in Sources */,
			);
			runOnlyForDeploymentPostprocessing = 0;
		};
		1A1FA5E72A9922D500B268C7 /* Sources */ = {
			isa = PBXSourcesBuildPhase;
			buildActionMask = 2147483647;
			files = (
				1A1FA5F02A9922D500B268C7 /* businessContactsTests.swift in Sources */,
			);
			runOnlyForDeploymentPostprocessing = 0;
		};
		1A1FA5F12A9922D500B268C7 /* Sources */ = {
			isa = PBXSourcesBuildPhase;
			buildActionMask = 2147483647;
			files = (
				1A1FA5FA2A9922D500B268C7 /* businessContactsUITests.swift in Sources */,
				1A1FA5FC2A9922D500B268C7 /* businessContactsUITestsLaunchTests.swift in Sources */,
			);
			runOnlyForDeploymentPostprocessing = 0;
		};
/* End PBXSourcesBuildPhase section */

/* Begin PBXTargetDependency section */
		1A1FA5ED2A9922D500B268C7 /* PBXTargetDependency */ = {
			isa = PBXTargetDependency;
			target = 1A1FA5D92A9922D300B268C7 /* businessContacts */;
			targetProxy = 1A1FA5EC2A9922D500B268C7 /* PBXContainerItemProxy */;
		};
		1A1FA5F72A9922D500B268C7 /* PBXTargetDependency */ = {
			isa = PBXTargetDependency;
			target = 1A1FA5D92A9922D300B268C7 /* businessContacts */;
			targetProxy = 1A1FA5F62A9922D500B268C7 /* PBXContainerItemProxy */;
		};
/* End PBXTargetDependency section */

/* Begin XCBuildConfiguration section */
		1A1FA5FD2A9922D500B268C7 /* Debug */ = {
			isa = XCBuildConfiguration;
			buildSettings = {
				ALWAYS_SEARCH_USER_PATHS = NO;
				CLANG_ANALYZER_NONNULL = YES;
				CLANG_ANALYZER_NUMBER_OBJECT_CONVERSION = YES_AGGRESSIVE;
				CLANG_CXX_LANGUAGE_STANDARD = "gnu++20";
				CLANG_ENABLE_MODULES = YES;
				CLANG_ENABLE_OBJC_ARC = YES;
				CLANG_ENABLE_OBJC_WEAK = YES;
				CLANG_WARN_BLOCK_CAPTURE_AUTORELEASING = YES;
				CLANG_WARN_BOOL_CONVERSION = YES;
				CLANG_WARN_COMMA = YES;
				CLANG_WARN_CONSTANT_CONVERSION = YES;
				CLANG_WARN_DEPRECATED_OBJC_IMPLEMENTATIONS = YES;
				CLANG_WARN_DIRECT_OBJC_ISA_USAGE = YES_ERROR;
				CLANG_WARN_DOCUMENTATION_COMMENTS = YES;
				CLANG_WARN_EMPTY_BODY = YES;
				CLANG_WARN_ENUM_CONVERSION = YES;
				CLANG_WARN_INFINITE_RECURSION = YES;
				CLANG_WARN_INT_CONVERSION = YES;
				CLANG_WARN_NON_LITERAL_NULL_CONVERSION = YES;
				CLANG_WARN_OBJC_IMPLICIT_RETAIN_SELF = YES;
				CLANG_WARN_OBJC_LITERAL_CONVERSION = YES;
				CLANG_WARN_OBJC_ROOT_CLASS = YES_ERROR;
				CLANG_WARN_QUOTED_INCLUDE_IN_FRAMEWORK_HEADER = YES;
				CLANG_WARN_RANGE_LOOP_ANALYSIS = YES;
				CLANG_WARN_STRICT_PROTOTYPES = YES;
				CLANG_WARN_SUSPICIOUS_MOVE = YES;
				CLANG_WARN_UNGUARDED_AVAILABILITY = YES_AGGRESSIVE;
				CLANG_WARN_UNREACHABLE_CODE = YES;
				CLANG_WARN__DUPLICATE_METHOD_MATCH = YES;
				COPY_PHASE_STRIP = NO;
				DEAD_CODE_STRIPPING = YES;
				DEBUG_INFORMATION_FORMAT = dwarf;
				ENABLE_STRICT_OBJC_MSGSEND = YES;
				ENABLE_TESTABILITY = YES;
				ENABLE_USER_SCRIPT_SANDBOXING = YES;
				GCC_C_LANGUAGE_STANDARD = gnu11;
				GCC_DYNAMIC_NO_PIC = NO;
				GCC_NO_COMMON_BLOCKS = YES;
				GCC_OPTIMIZATION_LEVEL = 0;
				GCC_PREPROCESSOR_DEFINITIONS = (
					"DEBUG=1",
					"$(inherited)",
				);
				GCC_WARN_64_TO_32_BIT_CONVERSION = YES;
				GCC_WARN_ABOUT_RETURN_TYPE = YES_ERROR;
				GCC_WARN_UNDECLARED_SELECTOR = YES;
				GCC_WARN_UNINITIALIZED_AUTOS = YES_AGGRESSIVE;
				GCC_WARN_UNUSED_FUNCTION = YES;
				GCC_WARN_UNUSED_VARIABLE = YES;
				MACOSX_DEPLOYMENT_TARGET = 13.3;
				MTL_ENABLE_DEBUG_INFO = INCLUDE_SOURCE;
				MTL_FAST_MATH = YES;
				ONLY_ACTIVE_ARCH = YES;
				SDKROOT = macosx;
				SWIFT_ACTIVE_COMPILATION_CONDITIONS = DEBUG;
				SWIFT_OPTIMIZATION_LEVEL = "-Onone";
			};
			name = Debug;
		};
		1A1FA5FE2A9922D500B268C7 /* Release */ = {
			isa = XCBuildConfiguration;
			buildSettings = {
				ALWAYS_SEARCH_USER_PATHS = NO;
				CLANG_ANALYZER_NONNULL = YES;
				CLANG_ANALYZER_NUMBER_OBJECT_CONVERSION = YES_AGGRESSIVE;
				CLANG_CXX_LANGUAGE_STANDARD = "gnu++20";
				CLANG_ENABLE_MODULES = YES;
				CLANG_ENABLE_OBJC_ARC = YES;
				CLANG_ENABLE_OBJC_WEAK = YES;
				CLANG_WARN_BLOCK_CAPTURE_AUTORELEASING = YES;
				CLANG_WARN_BOOL_CONVERSION = YES;
				CLANG_WARN_COMMA = YES;
				CLANG_WARN_CONSTANT_CONVERSION = YES;
				CLANG_WARN_DEPRECATED_OBJC_IMPLEMENTATIONS = YES;
				CLANG_WARN_DIRECT_OBJC_ISA_USAGE = YES_ERROR;
				CLANG_WARN_DOCUMENTATION_COMMENTS = YES;
				CLANG_WARN_EMPTY_BODY = YES;
				CLANG_WARN_ENUM_CONVERSION = YES;
				CLANG_WARN_INFINITE_RECURSION = YES;
				CLANG_WARN_INT_CONVERSION = YES;
				CLANG_WARN_NON_LITERAL_NULL_CONVERSION = YES;
				CLANG_WARN_OBJC_IMPLICIT_RETAIN_SELF = YES;
				CLANG_WARN_OBJC_LITERAL_CONVERSION = YES;
				CLANG_WARN_OBJC_ROOT_CLASS = YES_ERROR;
				CLANG_WARN_QUOTED_INCLUDE_IN_FRAMEWORK_HEADER = YES;
				CLANG_WARN_RANGE_LOOP_ANALYSIS = YES;
				CLANG_WARN_STRICT_PROTOTYPES = YES;
				CLANG_WARN_SUSPICIOUS_MOVE = YES;
				CLANG_WARN_UNGUARDED_AVAILABILITY = YES_AGGRESSIVE;
				CLANG_WARN_UNREACHABLE_CODE = YES;
				CLANG_WARN__DUPLICATE_METHOD_MATCH = YES;
				COPY_PHASE_STRIP = NO;
				DEAD_CODE_STRIPPING = YES;
				DEBUG_INFORMATION_FORMAT = "dwarf-with-dsym";
				ENABLE_NS_ASSERTIONS = NO;
				ENABLE_STRICT_OBJC_MSGSEND = YES;
				ENABLE_USER_SCRIPT_SANDBOXING = YES;
				GCC_C_LANGUAGE_STANDARD = gnu11;
				GCC_NO_COMMON_BLOCKS = YES;
				GCC_WARN_64_TO_32_BIT_CONVERSION = YES;
				GCC_WARN_ABOUT_RETURN_TYPE = YES_ERROR;
				GCC_WARN_UNDECLARED_SELECTOR = YES;
				GCC_WARN_UNINITIALIZED_AUTOS = YES_AGGRESSIVE;
				GCC_WARN_UNUSED_FUNCTION = YES;
				GCC_WARN_UNUSED_VARIABLE = YES;
				MACOSX_DEPLOYMENT_TARGET = 13.3;
				MTL_ENABLE_DEBUG_INFO = NO;
				MTL_FAST_MATH = YES;
				SDKROOT = macosx;
				SWIFT_COMPILATION_MODE = wholemodule;
				SWIFT_OPTIMIZATION_LEVEL = "-O";
			};
			name = Release;
		};
		1A1FA6002A9922D500B268C7 /* Debug */ = {
			isa = XCBuildConfiguration;
			buildSettings = {
				ASSETCATALOG_COMPILER_APPICON_NAME = AppIcon;
				ASSETCATALOG_COMPILER_GLOBAL_ACCENT_COLOR_NAME = AccentColor;
				CODE_SIGN_ENTITLEMENTS = businessContacts/businessContacts.entitlements;
				CODE_SIGN_STYLE = Automatic;
				COMBINE_HIDPI_IMAGES = YES;
				CURRENT_PROJECT_VERSION = 1;
				DEAD_CODE_STRIPPING = YES;
				DEVELOPMENT_ASSET_PATHS = "\"businessContacts/Preview Content\"";
				DEVELOPMENT_TEAM = KY5FDC9N4H;
				ENABLE_HARDENED_RUNTIME = YES;
				ENABLE_PREVIEWS = YES;
				GENERATE_INFOPLIST_FILE = YES;
				INFOPLIST_FILE = businessContacts/Info.plist;
				INFOPLIST_KEY_CFBundleDisplayName = "";
				INFOPLIST_KEY_LSApplicationCategoryType = "";
				INFOPLIST_KEY_NSHumanReadableCopyright = "";
				IPHONEOS_DEPLOYMENT_TARGET = 17.0;
				LD_RUNPATH_SEARCH_PATHS = (
					"$(inherited)",
					"@executable_path/../Frameworks",
				);
				MARKETING_VERSION = 1.0;
				PRODUCT_BUNDLE_IDENTIFIER = morganware.benia.businessContacts;
				PRODUCT_NAME = "$(TARGET_NAME)";
				SUPPORTED_PLATFORMS = "iphoneos iphonesimulator macosx";
				SUPPORTS_MACCATALYST = NO;
				SUPPORTS_MAC_DESIGNED_FOR_IPHONE_IPAD = NO;
				SWIFT_EMIT_LOC_STRINGS = YES;
				SWIFT_VERSION = 5.0;
				TARGETED_DEVICE_FAMILY = "1,2";
			};
			name = Debug;
		};
		1A1FA6012A9922D500B268C7 /* Release */ = {
			isa = XCBuildConfiguration;
			buildSettings = {
				ASSETCATALOG_COMPILER_APPICON_NAME = AppIcon;
				ASSETCATALOG_COMPILER_GLOBAL_ACCENT_COLOR_NAME = AccentColor;
				CODE_SIGN_ENTITLEMENTS = businessContacts/businessContacts.entitlements;
				CODE_SIGN_STYLE = Automatic;
				COMBINE_HIDPI_IMAGES = YES;
				CURRENT_PROJECT_VERSION = 1;
				DEAD_CODE_STRIPPING = YES;
				DEVELOPMENT_ASSET_PATHS = "\"businessContacts/Preview Content\"";
				DEVELOPMENT_TEAM = KY5FDC9N4H;
				ENABLE_HARDENED_RUNTIME = YES;
				ENABLE_PREVIEWS = YES;
				GENERATE_INFOPLIST_FILE = YES;
				INFOPLIST_FILE = businessContacts/Info.plist;
				INFOPLIST_KEY_CFBundleDisplayName = "";
				INFOPLIST_KEY_LSApplicationCategoryType = "";
				INFOPLIST_KEY_NSHumanReadableCopyright = "";
				IPHONEOS_DEPLOYMENT_TARGET = 17.0;
				LD_RUNPATH_SEARCH_PATHS = (
					"$(inherited)",
					"@executable_path/../Frameworks",
				);
				MARKETING_VERSION = 1.0;
				PRODUCT_BUNDLE_IDENTIFIER = morganware.benia.businessContacts;
				PRODUCT_NAME = "$(TARGET_NAME)";
				SUPPORTED_PLATFORMS = "iphoneos iphonesimulator macosx";
				SUPPORTS_MACCATALYST = NO;
				SUPPORTS_MAC_DESIGNED_FOR_IPHONE_IPAD = NO;
				SWIFT_EMIT_LOC_STRINGS = YES;
				SWIFT_VERSION = 5.0;
				TARGETED_DEVICE_FAMILY = "1,2";
			};
			name = Release;
		};
		1A1FA6032A9922D500B268C7 /* Debug */ = {
			isa = XCBuildConfiguration;
			buildSettings = {
				ALWAYS_EMBED_SWIFT_STANDARD_LIBRARIES = YES;
				BUNDLE_LOADER = "$(TEST_HOST)";
				CODE_SIGN_STYLE = Automatic;
				CURRENT_PROJECT_VERSION = 1;
				DEAD_CODE_STRIPPING = YES;
				DEVELOPMENT_TEAM = KY5FDC9N4H;
				GENERATE_INFOPLIST_FILE = YES;
				MACOSX_DEPLOYMENT_TARGET = 13.3;
				MARKETING_VERSION = 1.0;
				PRODUCT_BUNDLE_IDENTIFIER = morganware.benia.businessContactsTests;
				PRODUCT_NAME = "$(TARGET_NAME)";
				SWIFT_EMIT_LOC_STRINGS = NO;
				SWIFT_VERSION = 5.0;
				TEST_HOST = "$(BUILT_PRODUCTS_DIR)/businessContacts.app/$(BUNDLE_EXECUTABLE_FOLDER_PATH)/businessContacts";
			};
			name = Debug;
		};
		1A1FA6042A9922D500B268C7 /* Release */ = {
			isa = XCBuildConfiguration;
			buildSettings = {
				ALWAYS_EMBED_SWIFT_STANDARD_LIBRARIES = YES;
				BUNDLE_LOADER = "$(TEST_HOST)";
				CODE_SIGN_STYLE = Automatic;
				CURRENT_PROJECT_VERSION = 1;
				DEAD_CODE_STRIPPING = YES;
				DEVELOPMENT_TEAM = KY5FDC9N4H;
				GENERATE_INFOPLIST_FILE = YES;
				MACOSX_DEPLOYMENT_TARGET = 13.3;
				MARKETING_VERSION = 1.0;
				PRODUCT_BUNDLE_IDENTIFIER = morganware.benia.businessContactsTests;
				PRODUCT_NAME = "$(TARGET_NAME)";
				SWIFT_EMIT_LOC_STRINGS = NO;
				SWIFT_VERSION = 5.0;
				TEST_HOST = "$(BUILT_PRODUCTS_DIR)/businessContacts.app/$(BUNDLE_EXECUTABLE_FOLDER_PATH)/businessContacts";
			};
			name = Release;
		};
		1A1FA6062A9922D500B268C7 /* Debug */ = {
			isa = XCBuildConfiguration;
			buildSettings = {
				ALWAYS_EMBED_SWIFT_STANDARD_LIBRARIES = YES;
				CODE_SIGN_STYLE = Automatic;
				CURRENT_PROJECT_VERSION = 1;
				DEAD_CODE_STRIPPING = YES;
				DEVELOPMENT_TEAM = KY5FDC9N4H;
				GENERATE_INFOPLIST_FILE = YES;
				MARKETING_VERSION = 1.0;
				PRODUCT_BUNDLE_IDENTIFIER = morganware.benia.businessContactsUITests;
				PRODUCT_NAME = "$(TARGET_NAME)";
				SWIFT_EMIT_LOC_STRINGS = NO;
				SWIFT_VERSION = 5.0;
				TEST_TARGET_NAME = businessContacts;
			};
			name = Debug;
		};
		1A1FA6072A9922D500B268C7 /* Release */ = {
			isa = XCBuildConfiguration;
			buildSettings = {
				ALWAYS_EMBED_SWIFT_STANDARD_LIBRARIES = YES;
				CODE_SIGN_STYLE = Automatic;
				CURRENT_PROJECT_VERSION = 1;
				DEAD_CODE_STRIPPING = YES;
				DEVELOPMENT_TEAM = KY5FDC9N4H;
				GENERATE_INFOPLIST_FILE = YES;
				MARKETING_VERSION = 1.0;
				PRODUCT_BUNDLE_IDENTIFIER = morganware.benia.businessContactsUITests;
				PRODUCT_NAME = "$(TARGET_NAME)";
				SWIFT_EMIT_LOC_STRINGS = NO;
				SWIFT_VERSION = 5.0;
				TEST_TARGET_NAME = businessContacts;
			};
			name = Release;
		};
/* End XCBuildConfiguration section */

/* Begin XCConfigurationList section */
		1A1FA5D52A9922D300B268C7 /* Build configuration list for PBXProject "businessContacts" */ = {
			isa = XCConfigurationList;
			buildConfigurations = (
				1A1FA5FD2A9922D500B268C7 /* Debug */,
				1A1FA5FE2A9922D500B268C7 /* Release */,
			);
			defaultConfigurationIsVisible = 0;
			defaultConfigurationName = Release;
		};
		1A1FA5FF2A9922D500B268C7 /* Build configuration list for PBXNativeTarget "businessContacts" */ = {
			isa = XCConfigurationList;
			buildConfigurations = (
				1A1FA6002A9922D500B268C7 /* Debug */,
				1A1FA6012A9922D500B268C7 /* Release */,
			);
			defaultConfigurationIsVisible = 0;
			defaultConfigurationName = Release;
		};
		1A1FA6022A9922D500B268C7 /* Build configuration list for PBXNativeTarget "businessContactsTests" */ = {
			isa = XCConfigurationList;
			buildConfigurations = (
				1A1FA6032A9922D500B268C7 /* Debug */,
				1A1FA6042A9922D500B268C7 /* Release */,
			);
			defaultConfigurationIsVisible = 0;
			defaultConfigurationName = Release;
		};
		1A1FA6052A9922D500B268C7 /* Build configuration list for PBXNativeTarget "businessContactsUITests" */ = {
			isa = XCConfigurationList;
			buildConfigurations = (
				1A1FA6062A9922D500B268C7 /* Debug */,
				1A1FA6072A9922D500B268C7 /* Release */,
			);
			defaultConfigurationIsVisible = 0;
			defaultConfigurationName = Release;
		};
/* End XCConfigurationList section */
	};
	rootObject = 1A1FA5D22A9922D300B268C7 /* Project object */;
}
